
Microsoft Visual Studio Solution File, Format Version 12.00
# Visual Studio Version 16
VisualStudioVersion = 16.0.30114.105
MinimumVisualStudioVersion = 10.0.40219.1
Project("{9A19103F-16F7-4668-BE54-9A1E7A4F7556}") = "Fleeter.Core", "Fleeter.Core\Fleeter.Core.csproj", "{FBFE1AF2-738A-41C8-8B82-DACD9F298B1E}"
EndProject
Project("{9A19103F-16F7-4668-BE54-9A1E7A4F7556}") = "Fleeter.Server", "Fleeter.Server\Fleeter.Server.csproj", "{235E4171-D727-48F4-A7F3-BD937B668337}"
EndProject
Project("{FAE04EC0-301F-11D3-BF4B-00C04F79EFBC}") = "Fleeter.Client", "Fleeter.Client\Fleeter.Client.csproj", "{E652EDA6-B27E-4E51-A350-BD43EC193314}"
EndProject
Project("{FAE04EC0-301F-11D3-BF4B-00C04F79EFBC}") = "Fleeter.Core.Tests", "Fleeter.Core.Tests\Fleeter.Core.Tests.csproj", "{67087DA7-E71D-47DB-B1FC-76CFDBA2D0DB}"
EndProject
Global
	GlobalSection(SolutionConfigurationPlatforms) = preSolution
		Debug|Any CPU = Debug|Any CPU
		Release|Any CPU = Release|Any CPU
	EndGlobalSection
	GlobalSection(ProjectConfigurationPlatforms) = postSolution
		{FBFE1AF2-738A-41C8-8B82-DACD9F298B1E}.Debug|Any CPU.ActiveCfg = Debug|Any CPU
		{FBFE1AF2-738A-41C8-8B82-DACD9F298B1E}.Debug|Any CPU.Build.0 = Debug|Any CPU
		{FBFE1AF2-738A-41C8-8B82-DACD9F298B1E}.Release|Any CPU.ActiveCfg = Release|Any CPU
		{FBFE1AF2-738A-41C8-8B82-DACD9F298B1E}.Release|Any CPU.Build.0 = Release|Any CPU
		{235E4171-D727-48F4-A7F3-BD937B668337}.Debug|Any CPU.ActiveCfg = Debug|Any CPU
		{235E4171-D727-48F4-A7F3-BD937B668337}.Debug|Any CPU.Build.0 = Debug|Any CPU
		{235E4171-D727-48F4-A7F3-BD937B668337}.Release|Any CPU.ActiveCfg = Release|Any CPU
		{235E4171-D727-48F4-A7F3-BD937B668337}.Release|Any CPU.Build.0 = Release|Any CPU
		{E652EDA6-B27E-4E51-A350-BD43EC193314}.Debug|Any CPU.ActiveCfg = Debug|Any CPU
		{E652EDA6-B27E-4E51-A350-BD43EC193314}.Debug|Any CPU.Build.0 = Debug|Any CPU
		{E652EDA6-B27E-4E51-A350-BD43EC193314}.Release|Any CPU.ActiveCfg = Release|Any CPU
		{E652EDA6-B27E-4E51-A350-BD43EC193314}.Release|Any CPU.Build.0 = Release|Any CPU
		{67087DA7-E71D-47DB-B1FC-76CFDBA2D0DB}.Debug|Any CPU.ActiveCfg = Debug|Any CPU
		{67087DA7-E71D-47DB-B1FC-76CFDBA2D0DB}.Debug|Any CPU.Build.0 = Debug|Any CPU
		{67087DA7-E71D-47DB-B1FC-76CFDBA2D0DB}.Release|Any CPU.ActiveCfg = Release|Any CPU
		{67087DA7-E71D-47DB-B1FC-76CFDBA2D0DB}.Release|Any CPU.Build.0 = Release|Any CPU
	EndGlobalSection
	GlobalSection(SolutionProperties) = preSolution
		HideSolutionNode = FALSE
	EndGlobalSection
	GlobalSection(ExtensibilityGlobals) = postSolution
		SolutionGuid = {996F83B1-D1DF-43A9-BF87-693E230970CC}
	EndGlobalSection
EndGlobal
